
Microsoft Visual Studio Solution File, Format Version 12.00
# Visual Studio 2015
Project("{FAE04EC0-301F-11D3-BF4B-00C04F79EFBC}") = "BioProject", "Assembly-CSharp.csproj", "{5728AE31-41B0-DBEF-016F-286898992B7C}"
EndProject
Project("{FAE04EC0-301F-11D3-BF4B-00C04F79EFBC}") = "BioProject", "Assembly-CSharp-Editor-firstpass.csproj", "{65A666D7-F1B7-620D-282F-D9F42FF6AEAD}"
EndProject
Global
	GlobalSection(SolutionConfigurationPlatforms) = preSolution
		Debug|Any CPU = Debug|Any CPU
		Release|Any CPU = Release|Any CPU
	EndGlobalSection
	GlobalSection(ProjectConfigurationPlatforms) = postSolution
		{5728AE31-41B0-DBEF-016F-286898992B7C}.Debug|Any CPU.ActiveCfg = Debug|Any CPU
		{5728AE31-41B0-DBEF-016F-286898992B7C}.Debug|Any CPU.Build.0 = Debug|Any CPU
		{5728AE31-41B0-DBEF-016F-286898992B7C}.Release|Any CPU.ActiveCfg = Release|Any CPU
		{5728AE31-41B0-DBEF-016F-286898992B7C}.Release|Any CPU.Build.0 = Release|Any CPU
		{65A666D7-F1B7-620D-282F-D9F42FF6AEAD}.Debug|Any CPU.ActiveCfg = Debug|Any CPU
		{65A666D7-F1B7-620D-282F-D9F42FF6AEAD}.Debug|Any CPU.Build.0 = Debug|Any CPU
		{65A666D7-F1B7-620D-282F-D9F42FF6AEAD}.Release|Any CPU.ActiveCfg = Release|Any CPU
		{65A666D7-F1B7-620D-282F-D9F42FF6AEAD}.Release|Any CPU.Build.0 = Release|Any CPU
	EndGlobalSection
	GlobalSection(SolutionProperties) = preSolution
		HideSolutionNode = FALSE
	EndGlobalSection
EndGlobal
